// !$*UTF8*$!
{
	archiveVersion = 1;
	classes = {
	};
	objectVersion = 50;
	objects = {

/* Begin PBXBuildFile section */
		C27297522299824000A84FBE /* AppDelegate.swift in Sources */ = {isa = PBXBuildFile; fileRef = C27297512299824000A84FBE /* AppDelegate.swift */; };
		C27297542299824000A84FBE /* MainViewController.swift in Sources */ = {isa = PBXBuildFile; fileRef = C27297532299824000A84FBE /* MainViewController.swift */; };
		C27297572299824000A84FBE /* Main.storyboard in Resources */ = {isa = PBXBuildFile; fileRef = C27297552299824000A84FBE /* Main.storyboard */; };
		C27297592299824100A84FBE /* Assets.xcassets in Resources */ = {isa = PBXBuildFile; fileRef = C27297582299824100A84FBE /* Assets.xcassets */; };
		C272975C2299824100A84FBE /* LaunchScreen.storyboard in Resources */ = {isa = PBXBuildFile; fileRef = C272975A2299824100A84FBE /* LaunchScreen.storyboard */; };
		C27297642299B62C00A84FBE /* MarcaViewController.swift in Sources */ = {isa = PBXBuildFile; fileRef = C27297632299B62C00A84FBE /* MarcaViewController.swift */; };
		C27297662299BC0300A84FBE /* Default-568h@2x.png in Resources */ = {isa = PBXBuildFile; fileRef = C27297652299BC0200A84FBE /* Default-568h@2x.png */; };
		C27297682299C57700A84FBE /* ModeloViewController.swift in Sources */ = {isa = PBXBuildFile; fileRef = C27297672299C57700A84FBE /* ModeloViewController.swift */; };
		C272976A2299C59B00A84FBE /* AnoViewController.swift in Sources */ = {isa = PBXBuildFile; fileRef = C27297692299C59B00A84FBE /* AnoViewController.swift */; };
		C297BB1722A2C3A800D3A8E1 /* DetalheViewController.swift in Sources */ = {isa = PBXBuildFile; fileRef = C297BB1622A2C3A800D3A8E1 /* DetalheViewController.swift */; };
/* End PBXBuildFile section */

/* Begin PBXFileReference section */
		C272974E2299824000A84FBE /* fipe.app */ = {isa = PBXFileReference; explicitFileType = wrapper.application; includeInIndex = 0; path = fipe.app; sourceTree = BUILT_PRODUCTS_DIR; };
		C27297512299824000A84FBE /* AppDelegate.swift */ = {isa = PBXFileReference; lastKnownFileType = sourcecode.swift; path = AppDelegate.swift; sourceTree = "<group>"; };
		C27297532299824000A84FBE /* MainViewController.swift */ = {isa = PBXFileReference; lastKnownFileType = sourcecode.swift; path = MainViewController.swift; sourceTree = "<group>"; };
		C27297562299824000A84FBE /* Base */ = {isa = PBXFileReference; lastKnownFileType = file.storyboard; name = Base; path = Base.lproj/Main.storyboard; sourceTree = "<group>"; };
		C27297582299824100A84FBE /* Assets.xcassets */ = {isa = PBXFileReference; lastKnownFileType = folder.assetcatalog; path = Assets.xcassets; sourceTree = "<group>"; };
		C272975B2299824100A84FBE /* Base */ = {isa = PBXFileReference; lastKnownFileType = file.storyboard; name = Base; path = Base.lproj/LaunchScreen.storyboard; sourceTree = "<group>"; };
		C272975D2299824100A84FBE /* Info.plist */ = {isa = PBXFileReference; lastKnownFileType = text.plist.xml; path = Info.plist; sourceTree = "<group>"; };
		C27297632299B62C00A84FBE /* MarcaViewController.swift */ = {isa = PBXFileReference; lastKnownFileType = sourcecode.swift; path = MarcaViewController.swift; sourceTree = "<group>"; };
		C27297652299BC0200A84FBE /* Default-568h@2x.png */ = {isa = PBXFileReference; lastKnownFileType = image.png; path = "Default-568h@2x.png"; sourceTree = "<group>"; };
		C27297672299C57700A84FBE /* ModeloViewController.swift */ = {isa = PBXFileReference; lastKnownFileType = sourcecode.swift; path = ModeloViewController.swift; sourceTree = "<group>"; };
		C27297692299C59B00A84FBE /* AnoViewController.swift */ = {isa = PBXFileReference; lastKnownFileType = sourcecode.swift; path = AnoViewController.swift; sourceTree = "<group>"; };
		C297BB1622A2C3A800D3A8E1 /* DetalheViewController.swift */ = {isa = PBXFileReference; lastKnownFileType = sourcecode.swift; path = DetalheViewController.swift; sourceTree = "<group>"; };
/* End PBXFileReference section */

/* Begin PBXFrameworksBuildPhase section */
		C272974B2299824000A84FBE /* Frameworks */ = {
			isa = PBXFrameworksBuildPhase;
			buildActionMask = 2147483647;
			files = (
			);
			runOnlyForDeploymentPostprocessing = 0;
		};
/* End PBXFrameworksBuildPhase section */

/* Begin PBXGroup section */
		C2494C1422A30AF60050C09A /* Controllers */ = {
			isa = PBXGroup;
			children = (
				C27297532299824000A84FBE /* MainViewController.swift */,
				C297BB1622A2C3A800D3A8E1 /* DetalheViewController.swift */,
				C27297632299B62C00A84FBE /* MarcaViewController.swift */,
				C27297672299C57700A84FBE /* ModeloViewController.swift */,
				C27297692299C59B00A84FBE /* AnoViewController.swift */,
			);
			path = Controllers;
			sourceTree = "<group>";
		};
		C2494C1522A30B1E0050C09A /* Core Data */ = {
			isa = PBXGroup;
			children = (
			);
			path = "Core Data";
			sourceTree = "<group>";
		};
		C27297452299824000A84FBE = {
			isa = PBXGroup;
			children = (
				C27297652299BC0200A84FBE /* Default-568h@2x.png */,
				C27297502299824000A84FBE /* fipe */,
				C272974F2299824000A84FBE /* Products */,
			);
			sourceTree = "<group>";
		};
		C272974F2299824000A84FBE /* Products */ = {
			isa = PBXGroup;
			children = (
				C272974E2299824000A84FBE /* fipe.app */,
			);
			name = Products;
			sourceTree = "<group>";
		};
		C27297502299824000A84FBE /* fipe */ = {
			isa = PBXGroup;
			children = (
				C2494C1522A30B1E0050C09A /* Core Data */,
				C2494C1422A30AF60050C09A /* Controllers */,
				C27297512299824000A84FBE /* AppDelegate.swift */,
				C27297552299824000A84FBE /* Main.storyboard */,
				C27297582299824100A84FBE /* Assets.xcassets */,
				C272975A2299824100A84FBE /* LaunchScreen.storyboard */,
				C272975D2299824100A84FBE /* Info.plist */,
			);
			path = fipe;
			sourceTree = "<group>";
		};
/* End PBXGroup section */

/* Begin PBXNativeTarget section */
		C272974D2299824000A84FBE /* fipe */ = {
			isa = PBXNativeTarget;
			buildConfigurationList = C27297602299824100A84FBE /* Build configuration list for PBXNativeTarget "fipe" */;
			buildPhases = (
				C272974A2299824000A84FBE /* Sources */,
				C272974B2299824000A84FBE /* Frameworks */,
				C272974C2299824000A84FBE /* Resources */,
			);
			buildRules = (
			);
			dependencies = (
			);
			name = fipe;
			productName = fip;
			productReference = C272974E2299824000A84FBE /* fipe.app */;
			productType = "com.apple.product-type.application";
		};
/* End PBXNativeTarget section */

/* Begin PBXProject section */
		C27297462299824000A84FBE /* Project object */ = {
			isa = PBXProject;
			attributes = {
				LastSwiftUpdateCheck = 0940;
				LastUpgradeCheck = 0940;
				ORGANIZATIONNAME = "IOS SENAC";
				TargetAttributes = {
					C272974D2299824000A84FBE = {
						CreatedOnToolsVersion = 9.4.1;
					};
				};
			};
			buildConfigurationList = C27297492299824000A84FBE /* Build configuration list for PBXProject "fipe" */;
			compatibilityVersion = "Xcode 9.3";
			developmentRegion = en;
			hasScannedForEncodings = 0;
			knownRegions = (
				en,
				Base,
			);
			mainGroup = C27297452299824000A84FBE;
			productRefGroup = C272974F2299824000A84FBE /* Products */;
			projectDirPath = "";
			projectRoot = "";
			targets = (
				C272974D2299824000A84FBE /* fipe */,
			);
		};
/* End PBXProject section */

/* Begin PBXResourcesBuildPhase section */
		C272974C2299824000A84FBE /* Resources */ = {
			isa = PBXResourcesBuildPhase;
			buildActionMask = 2147483647;
			files = (
				C272975C2299824100A84FBE /* LaunchScreen.storyboard in Resources */,
				C27297662299BC0300A84FBE /* Default-568h@2x.png in Resources */,
				C27297592299824100A84FBE /* Assets.xcassets in Resources */,
				C27297572299824000A84FBE /* Main.storyboard in Resources */,
			);
			runOnlyForDeploymentPostprocessing = 0;
		};
/* End PBXResourcesBuildPhase section */

/* Begin PBXSourcesBuildPhase section */
		C272974A2299824000A84FBE /* Sources */ = {
			isa = PBXSourcesBuildPhase;
			buildActionMask = 2147483647;
			files = (
				C27297682299C57700A84FBE /* ModeloViewController.swift in Sources */,
				C27297542299824000A84FBE /* MainViewController.swift in Sources */,
				C297BB1722A2C3A800D3A8E1 /* DetalheViewController.swift in Sources */,
				C272976A2299C59B00A84FBE /* AnoViewController.swift in Sources */,
				C27297642299B62C00A84FBE /* MarcaViewController.swift in Sources */,
				C27297522299824000A84FBE /* AppDelegate.swift in Sources */,
			);
			runOnlyForDeploymentPostprocessing = 0;
		};
/* End PBXSourcesBuildPhase section */

/* Begin PBXVariantGroup section */
		C27297552299824000A84FBE /* Main.storyboard */ = {
			isa = PBXVariantGroup;
			children = (
				C27297562299824000A84FBE /* Base */,
			);
			name = Main.storyboard;
			sourceTree = "<group>";
		};
		C272975A2299824100A84FBE /* LaunchScreen.storyboard */ = {
			isa = PBXVariantGroup;
			children = (
				C272975B2299824100A84FBE /* Base */,
			);
			name = LaunchScreen.storyboard;
			sourceTree = "<group>";
		};
/* End PBXVariantGroup section */

/* Begin XCBuildConfiguration section */
		C272975E2299824100A84FBE /* Debug */ = {
			isa = XCBuildConfiguration;
			buildSettings = {
				ALWAYS_SEARCH_USER_PATHS = NO;
				CLANG_ANALYZER_NONNULL = YES;
				CLANG_ANALYZER_NUMBER_OBJECT_CONVERSION = YES_AGGRESSIVE;
				CLANG_CXX_LANGUAGE_STANDARD = "gnu++14";
				CLANG_CXX_LIBRARY = "libc++";
				CLANG_ENABLE_MODULES = YES;
				CLANG_ENABLE_OBJC_ARC = YES;
				CLANG_ENABLE_OBJC_WEAK = YES;
				CLANG_WARN_BLOCK_CAPTURE_AUTORELEASING = YES;
				CLANG_WARN_BOOL_CONVERSION = YES;
				CLANG_WARN_COMMA = YES;
				CLANG_WARN_CONSTANT_CONVERSION = YES;
				CLANG_WARN_DEPRECATED_OBJC_IMPLEMENTATIONS = YES;
				CLANG_WARN_DIRECT_OBJC_ISA_USAGE = YES_ERROR;
				CLANG_WARN_DOCUMENTATION_COMMENTS = YES;
				CLANG_WARN_EMPTY_BODY = YES;
				CLANG_WARN_ENUM_CONVERSION = YES;
				CLANG_WARN_INFINITE_RECURSION = YES;
				CLANG_WARN_INT_CONVERSION = YES;
				CLANG_WARN_NON_LITERAL_NULL_CONVERSION = YES;
				CLANG_WARN_OBJC_IMPLICIT_RETAIN_SELF = YES;
				CLANG_WARN_OBJC_LITERAL_CONVERSION = YES;
				CLANG_WARN_OBJC_ROOT_CLASS = YES_ERROR;
				CLANG_WARN_RANGE_LOOP_ANALYSIS = YES;
				CLANG_WARN_STRICT_PROTOTYPES = YES;
				CLANG_WARN_SUSPICIOUS_MOVE = YES;
				CLANG_WARN_UNGUARDED_AVAILABILITY = YES_AGGRESSIVE;
				CLANG_WARN_UNREACHABLE_CODE = YES;
				CLANG_WARN__DUPLICATE_METHOD_MATCH = YES;
				CODE_SIGN_IDENTITY = "iPhone Developer";
				COPY_PHASE_STRIP = NO;
				DEBUG_INFORMATION_FORMAT = dwarf;
				ENABLE_STRICT_OBJC_MSGSEND = YES;
				ENABLE_TESTABILITY = YES;
				GCC_C_LANGUAGE_STANDARD = gnu11;
				GCC_DYNAMIC_NO_PIC = NO;
				GCC_NO_COMMON_BLOCKS = YES;
				GCC_OPTIMIZATION_LEVEL = 0;
				GCC_PREPROCESSOR_DEFINITIONS = (
					"DEBUG=1",
					"$(inherited)",
				);
				GCC_WARN_64_TO_32_BIT_CONVERSION = YES;
				GCC_WARN_ABOUT_RETURN_TYPE = YES_ERROR;
				GCC_WARN_UNDECLARED_SELECTOR = YES;
				GCC_WARN_UNINITIALIZED_AUTOS = YES_AGGRESSIVE;
				GCC_WARN_UNUSED_FUNCTION = YES;
				GCC_WARN_UNUSED_VARIABLE = YES;
				IPHONEOS_DEPLOYMENT_TARGET = 11.4;
				MTL_ENABLE_DEBUG_INFO = YES;
				ONLY_ACTIVE_ARCH = YES;
				SDKROOT = iphoneos;
				SWIFT_ACTIVE_COMPILATION_CONDITIONS = DEBUG;
				SWIFT_OPTIMIZATION_LEVEL = "-Onone";
			};
			name = Debug;
		};
		C272975F2299824100A84FBE /* Release */ = {
			isa = XCBuildConfiguration;
			buildSettings = {
				ALWAYS_SEARCH_USER_PATHS = NO;
				CLANG_ANALYZER_NONNULL = YES;
				CLANG_ANALYZER_NUMBER_OBJECT_CONVERSION = YES_AGGRESSIVE;
				CLANG_CXX_LANGUAGE_STANDARD = "gnu++14";
				CLANG_CXX_LIBRARY = "libc++";
				CLANG_ENABLE_MODULES = YES;
				CLANG_ENABLE_OBJC_ARC = YES;
				CLANG_ENABLE_OBJC_WEAK = YES;
				CLANG_WARN_BLOCK_CAPTURE_AUTORELEASING = YES;
				CLANG_WARN_BOOL_CONVERSION = YES;
				CLANG_WARN_COMMA = YES;
				CLANG_WARN_CONSTANT_CONVERSION = YES;
				CLANG_WARN_DEPRECATED_OBJC_IMPLEMENTATIONS = YES;
				CLANG_WARN_DIRECT_OBJC_ISA_USAGE = YES_ERROR;
				CLANG_WARN_DOCUMENTATION_COMMENTS = YES;
				CLANG_WARN_EMPTY_BODY = YES;
				CLANG_WARN_ENUM_CONVERSION = YES;
				CLANG_WARN_INFINITE_RECURSION = YES;
				CLANG_WARN_INT_CONVERSION = YES;
				CLANG_WARN_NON_LITERAL_NULL_CONVERSION = YES;
				CLANG_WARN_OBJC_IMPLICIT_RETAIN_SELF = YES;
				CLANG_WARN_OBJC_LITERAL_CONVERSION = YES;
				CLANG_WARN_OBJC_ROOT_CLASS = YES_ERROR;
				CLANG_WARN_RANGE_LOOP_ANALYSIS = YES;
				CLANG_WARN_STRICT_PROTOTYPES = YES;
				CLANG_WARN_SUSPICIOUS_MOVE = YES;
				CLANG_WARN_UNGUARDED_AVAILABILITY = YES_AGGRESSIVE;
				CLANG_WARN_UNREACHABLE_CODE = YES;
				CLANG_WARN__DUPLICATE_METHOD_MATCH = YES;
				CODE_SIGN_IDENTITY = "iPhone Developer";
				COPY_PHASE_STRIP = NO;
				DEBUG_INFORMATION_FORMAT = "dwarf-with-dsym";
				ENABLE_NS_ASSERTIONS = NO;
				ENABLE_STRICT_OBJC_MSGSEND = YES;
				GCC_C_LANGUAGE_STANDARD = gnu11;
				GCC_NO_COMMON_BLOCKS = YES;
				GCC_WARN_64_TO_32_BIT_CONVERSION = YES;
				GCC_WARN_ABOUT_RETURN_TYPE = YES_ERROR;
				GCC_WARN_UNDECLARED_SELECTOR = YES;
				GCC_WARN_UNINITIALIZED_AUTOS = YES_AGGRESSIVE;
				GCC_WARN_UNUSED_FUNCTION = YES;
				GCC_WARN_UNUSED_VARIABLE = YES;
				IPHONEOS_DEPLOYMENT_TARGET = 11.4;
				MTL_ENABLE_DEBUG_INFO = NO;
				SDKROOT = iphoneos;
				SWIFT_COMPILATION_MODE = wholemodule;
				SWIFT_OPTIMIZATION_LEVEL = "-O";
				VALIDATE_PRODUCT = YES;
			};
			name = Release;
		};
		C27297612299824100A84FBE /* Debug */ = {
			isa = XCBuildConfiguration;
			buildSettings = {
				ASSETCATALOG_COMPILER_APPICON_NAME = AppIcon;
				CODE_SIGN_STYLE = Automatic;
				INFOPLIST_FILE = "$(SRCROOT)/fipe/Info.plist";
				LD_RUNPATH_SEARCH_PATHS = (
					"$(inherited)",
					"@executable_path/Frameworks",
				);
				PRODUCT_BUNDLE_IDENTIFIER = senac.com.br.fip;
				PRODUCT_NAME = "$(TARGET_NAME)";
				SWIFT_VERSION = 4.0;
				TARGETED_DEVICE_FAMILY = "1,2";
			};
			name = Debug;
		};
		C27297622299824100A84FBE /* Release */ = {
			isa = XCBuildConfiguration;
			buildSettings = {
				ASSETCATALOG_COMPILER_APPICON_NAME = AppIcon;
				CODE_SIGN_STYLE = Automatic;
				INFOPLIST_FILE = "$(SRCROOT)/fipe/Info.plist";
				LD_RUNPATH_SEARCH_PATHS = (
					"$(inherited)",
					"@executable_path/Frameworks",
				);
				PRODUCT_BUNDLE_IDENTIFIER = senac.com.br.fip;
				PRODUCT_NAME = "$(TARGET_NAME)";
				SWIFT_VERSION = 4.0;
				TARGETED_DEVICE_FAMILY = "1,2";
			};
			name = Release;
		};
/* End XCBuildConfiguration section */

/* Begin XCConfigurationList section */
		C27297492299824000A84FBE /* Build configuration list for PBXProject "fipe" */ = {
			isa = XCConfigurationList;
			buildConfigurations = (
				C272975E2299824100A84FBE /* Debug */,
				C272975F2299824100A84FBE /* Release */,
			);
			defaultConfigurationIsVisible = 0;
			defaultConfigurationName = Release;
		};
		C27297602299824100A84FBE /* Build configuration list for PBXNativeTarget "fipe" */ = {
			isa = XCConfigurationList;
			buildConfigurations = (
				C27297612299824100A84FBE /* Debug */,
				C27297622299824100A84FBE /* Release */,
			);
			defaultConfigurationIsVisible = 0;
			defaultConfigurationName = Release;
		};
/* End XCConfigurationList section */
	};
	rootObject = C27297462299824000A84FBE /* Project object */;
}
